{
  "name": "worker",
  "version": "1.0.0",
  "lockfileVersion": 2,
  "requires": true,
  "packages": {
    "": {
      "name": "worker",
      "version": "1.0.0",
      "license": "MIT",
      "dependencies": {
        "kv4cf": "^0.1.0"
      }
    },
    "node_modules/kv4cf": {
      "version": "0.1.0",
      "resolved": "https://registry.npm.taobao.org/kv4cf/download/kv4cf-0.1.0.tgz",
      "integrity": "sha1-cubD85H2dUovqNdzwy+ZZk8qp6Q=",
      "dependencies": {
        "mime": "^2.4.6"
      }
    },
    "node_modules/mime": {
      "version": "2.4.7",
      "resolved": "https://registry.npm.taobao.org/mime/download/mime-2.4.7.tgz?cache=0&sync_timestamp=1608084039343&other_urls=https%3A%2F%2Fregistry.npm.taobao.org%2Fmime%2Fdownload%2Fmime-2.4.7.tgz",
      "integrity": "sha1-lirtm+DtGckf19wuzl1/TompDXQ=",
      "bin": {
        "mime": "cli.js"
      },
      "engines": {
        "node": ">=4.0.0"
      }
    }
  },
  "dependencies": {
    "kv4cf": {
      "version": "0.1.0",
      "resolved": "https://registry.npm.taobao.org/kv4cf/download/kv4cf-0.1.0.tgz",
      "integrity": "sha1-cubD85H2dUovqNdzwy+ZZk8qp6Q=",
      "requires": {
        "mime": "^2.4.6"
      }
    },
    "mime": {
      "version": "2.4.7",
      "resolved": "https://registry.npm.taobao.org/mime/download/mime-2.4.7.tgz?cache=0&sync_timestamp=1608084039343&other_urls=https%3A%2F%2Fregistry.npm.taobao.org%2Fmime%2Fdownload%2Fmime-2.4.7.tgz",
      "integrity": "sha1-lirtm+DtGckf19wuzl1/TompDXQ="
    }
  }
}
